{
  "name": "otr-registry-e2e",
  "lockfileVersion": 3,
  "requires": true,
  "packages": {
    "": {
      "name": "otr-registry-e2e",
      "devDependencies": {
        "@otr/example--tool": "1.0.0"
      }
    },
    "node_modules/@otr/example--tool": {
      "version": "1.0.0",
      "resolved": "http://127.0.0.1:59388/@otr%2Fexample--tool/-/example--tool-1.0.0.tgz",
      "integrity": "sha1-av+BOq1pLwa5MXCBnkoP3v1+w5E=",
      "dev": true,
      "license": "MIT",
      "bin": {
        "gh": "bin/otr-launcher.mjs"
      }
    }
  }
}
